
Microsoft Visual Studio Solution File, Format Version 12.00
# Visual Studio Version 17
VisualStudioVersion = 17.0.32126.317
MinimumVisualStudioVersion = 10.0.40219.1
Project("{FAE04EC0-301F-11D3-BF4B-00C04F79EFBC}") = "hello_world_webapi_ui", "hello_world_webapi_ui.csproj", "{24C6088A-BCAB-473F-B252-BB3302A2BF3B}"
EndProject
Global
	GlobalSection(SolutionConfigurationPlatforms) = preSolution
		Debug|Any CPU = Debug|Any CPU
		Release|Any CPU = Release|Any CPU
	EndGlobalSection
	GlobalSection(ProjectConfigurationPlatforms) = postSolution
		{24C6088A-BCAB-473F-B252-BB3302A2BF3B}.Debug|Any CPU.ActiveCfg = Debug|Any CPU
		{24C6088A-BCAB-473F-B252-BB3302A2BF3B}.Debug|Any CPU.Build.0 = Debug|Any CPU
		{24C6088A-BCAB-473F-B252-BB3302A2BF3B}.Release|Any CPU.ActiveCfg = Release|Any CPU
		{24C6088A-BCAB-473F-B252-BB3302A2BF3B}.Release|Any CPU.Build.0 = Release|Any CPU
	EndGlobalSection
	GlobalSection(SolutionProperties) = preSolution
		HideSolutionNode = FALSE
	EndGlobalSection
	GlobalSection(ExtensibilityGlobals) = postSolution
		SolutionGuid = {301A9B05-4FD4-4185-95D7-02F677DBA3BA}
	EndGlobalSection
EndGlobal
