
Microsoft Visual Studio Solution File, Format Version 12.00
# Visual Studio Version 17
VisualStudioVersion = 17.0.32126.317
MinimumVisualStudioVersion = 10.0.40219.1
Project("{9A19103F-16F7-4668-BE54-9A1E7A4F7556}") = "loggingDemo", "loggingDemo.csproj", "{3DFACE6C-B6D2-44D6-8B4B-FEC07D69CA45}"
EndProject
Global
	GlobalSection(SolutionConfigurationPlatforms) = preSolution
		Debug|Any CPU = Debug|Any CPU
		Release|Any CPU = Release|Any CPU
	EndGlobalSection
	GlobalSection(ProjectConfigurationPlatforms) = postSolution
		{3DFACE6C-B6D2-44D6-8B4B-FEC07D69CA45}.Debug|Any CPU.ActiveCfg = Debug|Any CPU
		{3DFACE6C-B6D2-44D6-8B4B-FEC07D69CA45}.Debug|Any CPU.Build.0 = Debug|Any CPU
		{3DFACE6C-B6D2-44D6-8B4B-FEC07D69CA45}.Release|Any CPU.ActiveCfg = Release|Any CPU
		{3DFACE6C-B6D2-44D6-8B4B-FEC07D69CA45}.Release|Any CPU.Build.0 = Release|Any CPU
	EndGlobalSection
	GlobalSection(SolutionProperties) = preSolution
		HideSolutionNode = FALSE
	EndGlobalSection
	GlobalSection(ExtensibilityGlobals) = postSolution
		SolutionGuid = {400515EA-ECC6-43D0-AB33-B7C8BA2EAD13}
	EndGlobalSection
EndGlobal
